// !$*UTF8*$!
{
	archiveVersion = 1;
	classes = {
	};
	objectVersion = 46;
	objects = {

/* Begin PBXBuildFile section */
		F83F533B1A7D7D3B00F08AE8 /* main.m in Sources */ = {isa = PBXBuildFile; fileRef = F83F533A1A7D7D3B00F08AE8 /* main.m */; };
		F83F533E1A7D7D3B00F08AE8 /* AppDelegate.m in Sources */ = {isa = PBXBuildFile; fileRef = F83F533D1A7D7D3B00F08AE8 /* AppDelegate.m */; };
		F83F53411A7D7D3B00F08AE8 /* ViewController.m in Sources */ = {isa = PBXBuildFile; fileRef = F83F53401A7D7D3B00F08AE8 /* ViewController.m */; };
		F83F53441A7D7D3B00F08AE8 /* Main.storyboard in Resources */ = {isa = PBXBuildFile; fileRef = F83F53421A7D7D3B00F08AE8 /* Main.storyboard */; };
		F83F53461A7D7D3B00F08AE8 /* Images.xcassets in Resources */ = {isa = PBXBuildFile; fileRef = F83F53451A7D7D3B00F08AE8 /* Images.xcassets */; };
		F83F53491A7D7D3B00F08AE8 /* LaunchScreen.xib in Resources */ = {isa = PBXBuildFile; fileRef = F83F53471A7D7D3B00F08AE8 /* LaunchScreen.xib */; };
		F83F53551A7D7D3B00F08AE8 /* Cultivate_Week4Tests.m in Sources */ = {isa = PBXBuildFile; fileRef = F83F53541A7D7D3B00F08AE8 /* Cultivate_Week4Tests.m */; };
/* End PBXBuildFile section */

/* Begin PBXContainerItemProxy section */
		F83F534F1A7D7D3B00F08AE8 /* PBXContainerItemProxy */ = {
			isa = PBXContainerItemProxy;
			containerPortal = F83F532D1A7D7D3B00F08AE8 /* Project object */;
			proxyType = 1;
			remoteGlobalIDString = F83F53341A7D7D3B00F08AE8;
			remoteInfo = "Cultivate-Week4";
		};
/* End PBXContainerItemProxy section */

/* Begin PBXFileReference section */
		F83F53351A7D7D3B00F08AE8 /* Cultivate-Week4.app */ = {isa = PBXFileReference; explicitFileType = wrapper.application; includeInIndex = 0; path = "Cultivate-Week4.app"; sourceTree = BUILT_PRODUCTS_DIR; };
		F83F53391A7D7D3B00F08AE8 /* Info.plist */ = {isa = PBXFileReference; lastKnownFileType = text.plist.xml; path = Info.plist; sourceTree = "<group>"; };
		F83F533A1A7D7D3B00F08AE8 /* main.m */ = {isa = PBXFileReference; lastKnownFileType = sourcecode.c.objc; path = main.m; sourceTree = "<group>"; };
		F83F533C1A7D7D3B00F08AE8 /* AppDelegate.h */ = {isa = PBXFileReference; lastKnownFileType = sourcecode.c.h; path = AppDelegate.h; sourceTree = "<group>"; };
		F83F533D1A7D7D3B00F08AE8 /* AppDelegate.m */ = {isa = PBXFileReference; lastKnownFileType = sourcecode.c.objc; path = AppDelegate.m; sourceTree = "<group>"; };
		F83F533F1A7D7D3B00F08AE8 /* ViewController.h */ = {isa = PBXFileReference; lastKnownFileType = sourcecode.c.h; path = ViewController.h; sourceTree = "<group>"; };
		F83F53401A7D7D3B00F08AE8 /* ViewController.m */ = {isa = PBXFileReference; lastKnownFileType = sourcecode.c.objc; path = ViewController.m; sourceTree = "<group>"; };
		F83F53431A7D7D3B00F08AE8 /* Base */ = {isa = PBXFileReference; lastKnownFileType = file.storyboard; name = Base; path = Base.lproj/Main.storyboard; sourceTree = "<group>"; };
		F83F53451A7D7D3B00F08AE8 /* Images.xcassets */ = {isa = PBXFileReference; lastKnownFileType = folder.assetcatalog; path = Images.xcassets; sourceTree = "<group>"; };
		F83F53481A7D7D3B00F08AE8 /* Base */ = {isa = PBXFileReference; lastKnownFileType = file.xib; name = Base; path = Base.lproj/LaunchScreen.xib; sourceTree = "<group>"; };
		F83F534E1A7D7D3B00F08AE8 /* Cultivate-Week4Tests.xctest */ = {isa = PBXFileReference; explicitFileType = wrapper.cfbundle; includeInIndex = 0; path = "Cultivate-Week4Tests.xctest"; sourceTree = BUILT_PRODUCTS_DIR; };
		F83F53531A7D7D3B00F08AE8 /* Info.plist */ = {isa = PBXFileReference; lastKnownFileType = text.plist.xml; path = Info.plist; sourceTree = "<group>"; };
		F83F53541A7D7D3B00F08AE8 /* Cultivate_Week4Tests.m */ = {isa = PBXFileReference; lastKnownFileType = sourcecode.c.objc; path = Cultivate_Week4Tests.m; sourceTree = "<group>"; };
/* End PBXFileReference section */

/* Begin PBXFrameworksBuildPhase section */
		F83F53321A7D7D3B00F08AE8 /* Frameworks */ = {
			isa = PBXFrameworksBuildPhase;
			buildActionMask = 2147483647;
			files = (
			);
			runOnlyForDeploymentPostprocessing = 0;
		};
		F83F534B1A7D7D3B00F08AE8 /* Frameworks */ = {
			isa = PBXFrameworksBuildPhase;
			buildActionMask = 2147483647;
			files = (
			);
			runOnlyForDeploymentPostprocessing = 0;
		};
/* End PBXFrameworksBuildPhase section */

/* Begin PBXGroup section */
		F83F532C1A7D7D3B00F08AE8 = {
			isa = PBXGroup;
			children = (
				F83F53371A7D7D3B00F08AE8 /* Cultivate-Week4 */,
				F83F53511A7D7D3B00F08AE8 /* Cultivate-Week4Tests */,
				F83F53361A7D7D3B00F08AE8 /* Products */,
			);
			sourceTree = "<group>";
		};
		F83F53361A7D7D3B00F08AE8 /* Products */ = {
			isa = PBXGroup;
			children = (
				F83F53351A7D7D3B00F08AE8 /* Cultivate-Week4.app */,
				F83F534E1A7D7D3B00F08AE8 /* Cultivate-Week4Tests.xctest */,
			);
			name = Products;
			sourceTree = "<group>";
		};
		F83F53371A7D7D3B00F08AE8 /* Cultivate-Week4 */ = {
			isa = PBXGroup;
			children = (
				F83F533C1A7D7D3B00F08AE8 /* AppDelegate.h */,
				F83F533D1A7D7D3B00F08AE8 /* AppDelegate.m */,
				F83F533F1A7D7D3B00F08AE8 /* ViewController.h */,
				F83F53401A7D7D3B00F08AE8 /* ViewController.m */,
				F83F53421A7D7D3B00F08AE8 /* Main.storyboard */,
				F83F53451A7D7D3B00F08AE8 /* Images.xcassets */,
				F83F53471A7D7D3B00F08AE8 /* LaunchScreen.xib */,
				F83F53381A7D7D3B00F08AE8 /* Supporting Files */,
			);
			path = "Cultivate-Week4";
			sourceTree = "<group>";
		};
		F83F53381A7D7D3B00F08AE8 /* Supporting Files */ = {
			isa = PBXGroup;
			children = (
				F83F53391A7D7D3B00F08AE8 /* Info.plist */,
				F83F533A1A7D7D3B00F08AE8 /* main.m */,
			);
			name = "Supporting Files";
			sourceTree = "<group>";
		};
		F83F53511A7D7D3B00F08AE8 /* Cultivate-Week4Tests */ = {
			isa = PBXGroup;
			children = (
				F83F53541A7D7D3B00F08AE8 /* Cultivate_Week4Tests.m */,
				F83F53521A7D7D3B00F08AE8 /* Supporting Files */,
			);
			path = "Cultivate-Week4Tests";
			sourceTree = "<group>";
		};
		F83F53521A7D7D3B00F08AE8 /* Supporting Files */ = {
			isa = PBXGroup;
			children = (
				F83F53531A7D7D3B00F08AE8 /* Info.plist */,
			);
			name = "Supporting Files";
			sourceTree = "<group>";
		};
/* End PBXGroup section */

/* Begin PBXNativeTarget section */
		F83F53341A7D7D3B00F08AE8 /* Cultivate-Week4 */ = {
			isa = PBXNativeTarget;
			buildConfigurationList = F83F53581A7D7D3B00F08AE8 /* Build configuration list for PBXNativeTarget "Cultivate-Week4" */;
			buildPhases = (
				F83F53311A7D7D3B00F08AE8 /* Sources */,
				F83F53321A7D7D3B00F08AE8 /* Frameworks */,
				F83F53331A7D7D3B00F08AE8 /* Resources */,
			);
			buildRules = (
			);
			dependencies = (
			);
			name = "Cultivate-Week4";
			productName = "Cultivate-Week4";
			productReference = F83F53351A7D7D3B00F08AE8 /* Cultivate-Week4.app */;
			productType = "com.apple.product-type.application";
		};
		F83F534D1A7D7D3B00F08AE8 /* Cultivate-Week4Tests */ = {
			isa = PBXNativeTarget;
			buildConfigurationList = F83F535B1A7D7D3B00F08AE8 /* Build configuration list for PBXNativeTarget "Cultivate-Week4Tests" */;
			buildPhases = (
				F83F534A1A7D7D3B00F08AE8 /* Sources */,
				F83F534B1A7D7D3B00F08AE8 /* Frameworks */,
				F83F534C1A7D7D3B00F08AE8 /* Resources */,
			);
			buildRules = (
			);
			dependencies = (
				F83F53501A7D7D3B00F08AE8 /* PBXTargetDependency */,
			);
			name = "Cultivate-Week4Tests";
			productName = "Cultivate-Week4Tests";
			productReference = F83F534E1A7D7D3B00F08AE8 /* Cultivate-Week4Tests.xctest */;
			productType = "com.apple.product-type.bundle.unit-test";
		};
/* End PBXNativeTarget section */

/* Begin PBXProject section */
		F83F532D1A7D7D3B00F08AE8 /* Project object */ = {
			isa = PBXProject;
			attributes = {
				LastUpgradeCheck = 0610;
				ORGANIZATIONNAME = "MSSE 650";
				TargetAttributes = {
					F83F53341A7D7D3B00F08AE8 = {
						CreatedOnToolsVersion = 6.1.1;
					};
					F83F534D1A7D7D3B00F08AE8 = {
						CreatedOnToolsVersion = 6.1.1;
						TestTargetID = F83F53341A7D7D3B00F08AE8;
					};
				};
			};
			buildConfigurationList = F83F53301A7D7D3B00F08AE8 /* Build configuration list for PBXProject "Cultivate-Week4" */;
			compatibilityVersion = "Xcode 3.2";
			developmentRegion = English;
			hasScannedForEncodings = 0;
			knownRegions = (
				en,
				Base,
			);
			mainGroup = F83F532C1A7D7D3B00F08AE8;
			productRefGroup = F83F53361A7D7D3B00F08AE8 /* Products */;
			projectDirPath = "";
			projectRoot = "";
			targets = (
				F83F53341A7D7D3B00F08AE8 /* Cultivate-Week4 */,
				F83F534D1A7D7D3B00F08AE8 /* Cultivate-Week4Tests */,
			);
		};
/* End PBXProject section */

/* Begin PBXResourcesBuildPhase section */
		F83F53331A7D7D3B00F08AE8 /* Resources */ = {
			isa = PBXResourcesBuildPhase;
			buildActionMask = 2147483647;
			files = (
				F83F53441A7D7D3B00F08AE8 /* Main.storyboard in Resources */,
				F83F53491A7D7D3B00F08AE8 /* LaunchScreen.xib in Resources */,
				F83F53461A7D7D3B00F08AE8 /* Images.xcassets in Resources */,
			);
			runOnlyForDeploymentPostprocessing = 0;
		};
		F83F534C1A7D7D3B00F08AE8 /* Resources */ = {
			isa = PBXResourcesBuildPhase;
			buildActionMask = 2147483647;
			files = (
			);
			runOnlyForDeploymentPostprocessing = 0;
		};
/* End PBXResourcesBuildPhase section */

/* Begin PBXSourcesBuildPhase section */
		F83F53311A7D7D3B00F08AE8 /* Sources */ = {
			isa = PBXSourcesBuildPhase;
			buildActionMask = 2147483647;
			files = (
				F83F53411A7D7D3B00F08AE8 /* ViewController.m in Sources */,
				F83F533E1A7D7D3B00F08AE8 /* AppDelegate.m in Sources */,
				F83F533B1A7D7D3B00F08AE8 /* main.m in Sources */,
			);
			runOnlyForDeploymentPostprocessing = 0;
		};
		F83F534A1A7D7D3B00F08AE8 /* Sources */ = {
			isa = PBXSourcesBuildPhase;
			buildActionMask = 2147483647;
			files = (
				F83F53551A7D7D3B00F08AE8 /* Cultivate_Week4Tests.m in Sources */,
			);
			runOnlyForDeploymentPostprocessing = 0;
		};
/* End PBXSourcesBuildPhase section */

/* Begin PBXTargetDependency section */
		F83F53501A7D7D3B00F08AE8 /* PBXTargetDependency */ = {
			isa = PBXTargetDependency;
			target = F83F53341A7D7D3B00F08AE8 /* Cultivate-Week4 */;
			targetProxy = F83F534F1A7D7D3B00F08AE8 /* PBXContainerItemProxy */;
		};
/* End PBXTargetDependency section */

/* Begin PBXVariantGroup section */
		F83F53421A7D7D3B00F08AE8 /* Main.storyboard */ = {
			isa = PBXVariantGroup;
			children = (
				F83F53431A7D7D3B00F08AE8 /* Base */,
			);
			name = Main.storyboard;
			sourceTree = "<group>";
		};
		F83F53471A7D7D3B00F08AE8 /* LaunchScreen.xib */ = {
			isa = PBXVariantGroup;
			children = (
				F83F53481A7D7D3B00F08AE8 /* Base */,
			);
			name = LaunchScreen.xib;
			sourceTree = "<group>";
		};
/* End PBXVariantGroup section */

/* Begin XCBuildConfiguration section */
		F83F53561A7D7D3B00F08AE8 /* Debug */ = {
			isa = XCBuildConfiguration;
			buildSettings = {
				ALWAYS_SEARCH_USER_PATHS = NO;
				CLANG_CXX_LANGUAGE_STANDARD = "gnu++0x";
				CLANG_CXX_LIBRARY = "libc++";
				CLANG_ENABLE_MODULES = YES;
				CLANG_ENABLE_OBJC_ARC = YES;
				CLANG_WARN_BOOL_CONVERSION = YES;
				CLANG_WARN_CONSTANT_CONVERSION = YES;
				CLANG_WARN_DIRECT_OBJC_ISA_USAGE = YES_ERROR;
				CLANG_WARN_EMPTY_BODY = YES;
				CLANG_WARN_ENUM_CONVERSION = YES;
				CLANG_WARN_INT_CONVERSION = YES;
				CLANG_WARN_OBJC_ROOT_CLASS = YES_ERROR;
				CLANG_WARN_UNREACHABLE_CODE = YES;
				CLANG_WARN__DUPLICATE_METHOD_MATCH = YES;
				"CODE_SIGN_IDENTITY[sdk=iphoneos*]" = "iPhone Developer";
				COPY_PHASE_STRIP = NO;
				ENABLE_STRICT_OBJC_MSGSEND = YES;
				GCC_C_LANGUAGE_STANDARD = gnu99;
				GCC_DYNAMIC_NO_PIC = NO;
				GCC_OPTIMIZATION_LEVEL = 0;
				GCC_PREPROCESSOR_DEFINITIONS = (
					"DEBUG=1",
					"$(inherited)",
				);
				GCC_SYMBOLS_PRIVATE_EXTERN = NO;
				GCC_WARN_64_TO_32_BIT_CONVERSION = YES;
				GCC_WARN_ABOUT_RETURN_TYPE = YES_ERROR;
				GCC_WARN_UNDECLARED_SELECTOR = YES;
				GCC_WARN_UNINITIALIZED_AUTOS = YES_AGGRESSIVE;
				GCC_WARN_UNUSED_FUNCTION = YES;
				GCC_WARN_UNUSED_VARIABLE = YES;
				IPHONEOS_DEPLOYMENT_TARGET = 8.1;
				MTL_ENABLE_DEBUG_INFO = YES;
				ONLY_ACTIVE_ARCH = YES;
				SDKROOT = iphoneos;
			};
			name = Debug;
		};
		F83F53571A7D7D3B00F08AE8 /* Release */ = {
			isa = XCBuildConfiguration;
			buildSettings = {
				ALWAYS_SEARCH_USER_PATHS = NO;
				CLANG_CXX_LANGUAGE_STANDARD = "gnu++0x";
				CLANG_CXX_LIBRARY = "libc++";
				CLANG_ENABLE_MODULES = YES;
				CLANG_ENABLE_OBJC_ARC = YES;
				CLANG_WARN_BOOL_CONVERSION = YES;
				CLANG_WARN_CONSTANT_CONVERSION = YES;
				CLANG_WARN_DIRECT_OBJC_ISA_USAGE = YES_ERROR;
				CLANG_WARN_EMPTY_BODY = YES;
				CLANG_WARN_ENUM_CONVERSION = YES;
				CLANG_WARN_INT_CONVERSION = YES;
				CLANG_WARN_OBJC_ROOT_CLASS = YES_ERROR;
				CLANG_WARN_UNREACHABLE_CODE = YES;
				CLANG_WARN__DUPLICATE_METHOD_MATCH = YES;
				"CODE_SIGN_IDENTITY[sdk=iphoneos*]" = "iPhone Developer";
				COPY_PHASE_STRIP = YES;
				ENABLE_NS_ASSERTIONS = NO;
				ENABLE_STRICT_OBJC_MSGSEND = YES;
				GCC_C_LANGUAGE_STANDARD = gnu99;
				GCC_WARN_64_TO_32_BIT_CONVERSION = YES;
				GCC_WARN_ABOUT_RETURN_TYPE = YES_ERROR;
				GCC_WARN_UNDECLARED_SELECTOR = YES;
				GCC_WARN_UNINITIALIZED_AUTOS = YES_AGGRESSIVE;
				GCC_WARN_UNUSED_FUNCTION = YES;
				GCC_WARN_UNUSED_VARIABLE = YES;
				IPHONEOS_DEPLOYMENT_TARGET = 8.1;
				MTL_ENABLE_DEBUG_INFO = NO;
				SDKROOT = iphoneos;
				VALIDATE_PRODUCT = YES;
			};
			name = Release;
		};
		F83F53591A7D7D3B00F08AE8 /* Debug */ = {
			isa = XCBuildConfiguration;
			buildSettings = {
				ASSETCATALOG_COMPILER_APPICON_NAME = AppIcon;
				INFOPLIST_FILE = "Cultivate-Week4/Info.plist";
				LD_RUNPATH_SEARCH_PATHS = "$(inherited) @executable_path/Frameworks";
				PRODUCT_NAME = "$(TARGET_NAME)";
			};
			name = Debug;
		};
		F83F535A1A7D7D3B00F08AE8 /* Release */ = {
			isa = XCBuildConfiguration;
			buildSettings = {
				ASSETCATALOG_COMPILER_APPICON_NAME = AppIcon;
				INFOPLIST_FILE = "Cultivate-Week4/Info.plist";
				LD_RUNPATH_SEARCH_PATHS = "$(inherited) @executable_path/Frameworks";
				PRODUCT_NAME = "$(TARGET_NAME)";
			};
			name = Release;
		};
		F83F535C1A7D7D3B00F08AE8 /* Debug */ = {
			isa = XCBuildConfiguration;
			buildSettings = {
				BUNDLE_LOADER = "$(TEST_HOST)";
				FRAMEWORK_SEARCH_PATHS = (
					"$(SDKROOT)/Developer/Library/Frameworks",
					"$(inherited)",
				);
				GCC_PREPROCESSOR_DEFINITIONS = (
					"DEBUG=1",
					"$(inherited)",
				);
				INFOPLIST_FILE = "Cultivate-Week4Tests/Info.plist";
				LD_RUNPATH_SEARCH_PATHS = "$(inherited) @executable_path/Frameworks @loader_path/Frameworks";
				PRODUCT_NAME = "$(TARGET_NAME)";
				TEST_HOST = "$(BUILT_PRODUCTS_DIR)/Cultivate-Week4.app/Cultivate-Week4";
			};
			name = Debug;
		};
		F83F535D1A7D7D3B00F08AE8 /* Release */ = {
			isa = XCBuildConfiguration;
			buildSettings = {
				BUNDLE_LOADER = "$(TEST_HOST)";
				FRAMEWORK_SEARCH_PATHS = (
					"$(SDKROOT)/Developer/Library/Frameworks",
					"$(inherited)",
				);
				INFOPLIST_FILE = "Cultivate-Week4Tests/Info.plist";
				LD_RUNPATH_SEARCH_PATHS = "$(inherited) @executable_path/Frameworks @loader_path/Frameworks";
				PRODUCT_NAME = "$(TARGET_NAME)";
				TEST_HOST = "$(BUILT_PRODUCTS_DIR)/Cultivate-Week4.app/Cultivate-Week4";
			};
			name = Release;
		};
/* End XCBuildConfiguration section */

/* Begin XCConfigurationList section */
		F83F53301A7D7D3B00F08AE8 /* Build configuration list for PBXProject "Cultivate-Week4" */ = {
			isa = XCConfigurationList;
			buildConfigurations = (
				F83F53561A7D7D3B00F08AE8 /* Debug */,
				F83F53571A7D7D3B00F08AE8 /* Release */,
			);
			defaultConfigurationIsVisible = 0;
			defaultConfigurationName = Release;
		};
		F83F53581A7D7D3B00F08AE8 /* Build configuration list for PBXNativeTarget "Cultivate-Week4" */ = {
			isa = XCConfigurationList;
			buildConfigurations = (
				F83F53591A7D7D3B00F08AE8 /* Debug */,
				F83F535A1A7D7D3B00F08AE8 /* Release */,
			);
			defaultConfigurationIsVisible = 0;
		};
		F83F535B1A7D7D3B00F08AE8 /* Build configuration list for PBXNativeTarget "Cultivate-Week4Tests" */ = {
			isa = XCConfigurationList;
			buildConfigurations = (
				F83F535C1A7D7D3B00F08AE8 /* Debug */,
				F83F535D1A7D7D3B00F08AE8 /* Release */,
			);
			defaultConfigurationIsVisible = 0;
		};
/* End XCConfigurationList section */
	};
	rootObject = F83F532D1A7D7D3B00F08AE8 /* Project object */;
}
