// !$*UTF8*$!
{
	archiveVersion = 1;
	classes = {
	};
	objectVersion = 46;
	objects = {

/* Begin PBXBuildFile section */
		F89CBCCE1A9DEEA90000F3C0 /* main.m in Sources */ = {isa = PBXBuildFile; fileRef = F89CBCCD1A9DEEA90000F3C0 /* main.m */; };
		F89CBCD11A9DEEA90000F3C0 /* AppDelegate.m in Sources */ = {isa = PBXBuildFile; fileRef = F89CBCD01A9DEEA90000F3C0 /* AppDelegate.m */; };
		F89CBCD41A9DEEA90000F3C0 /* Cultivate_Final.xcdatamodeld in Sources */ = {isa = PBXBuildFile; fileRef = F89CBCD21A9DEEA90000F3C0 /* Cultivate_Final.xcdatamodeld */; };
		F89CBCD71A9DEEA90000F3C0 /* ViewController.m in Sources */ = {isa = PBXBuildFile; fileRef = F89CBCD61A9DEEA90000F3C0 /* ViewController.m */; };
		F89CBCDA1A9DEEA90000F3C0 /* Main.storyboard in Resources */ = {isa = PBXBuildFile; fileRef = F89CBCD81A9DEEA90000F3C0 /* Main.storyboard */; };
		F89CBCDC1A9DEEA90000F3C0 /* Images.xcassets in Resources */ = {isa = PBXBuildFile; fileRef = F89CBCDB1A9DEEA90000F3C0 /* Images.xcassets */; };
		F89CBCDF1A9DEEA90000F3C0 /* LaunchScreen.xib in Resources */ = {isa = PBXBuildFile; fileRef = F89CBCDD1A9DEEA90000F3C0 /* LaunchScreen.xib */; };
		F89CBCEB1A9DEEA90000F3C0 /* Cultivate_FinalTests.m in Sources */ = {isa = PBXBuildFile; fileRef = F89CBCEA1A9DEEA90000F3C0 /* Cultivate_FinalTests.m */; };
		F89CBCF61A9DF2610000F3C0 /* EntryTableViewController.m in Sources */ = {isa = PBXBuildFile; fileRef = F89CBCF51A9DF2610000F3C0 /* EntryTableViewController.m */; };
		F89CBCF81AA1093C0000F3C0 /* tree pic.jpg in Resources */ = {isa = PBXBuildFile; fileRef = F89CBCF71AA1093C0000F3C0 /* tree pic.jpg */; };
/* End PBXBuildFile section */

/* Begin PBXContainerItemProxy section */
		F89CBCE51A9DEEA90000F3C0 /* PBXContainerItemProxy */ = {
			isa = PBXContainerItemProxy;
			containerPortal = F89CBCC01A9DEEA90000F3C0 /* Project object */;
			proxyType = 1;
			remoteGlobalIDString = F89CBCC71A9DEEA90000F3C0;
			remoteInfo = "Cultivate Final";
		};
/* End PBXContainerItemProxy section */

/* Begin PBXFileReference section */
		F89CBCC81A9DEEA90000F3C0 /* Cultivate Final.app */ = {isa = PBXFileReference; explicitFileType = wrapper.application; includeInIndex = 0; path = "Cultivate Final.app"; sourceTree = BUILT_PRODUCTS_DIR; };
		F89CBCCC1A9DEEA90000F3C0 /* Info.plist */ = {isa = PBXFileReference; lastKnownFileType = text.plist.xml; path = Info.plist; sourceTree = "<group>"; };
		F89CBCCD1A9DEEA90000F3C0 /* main.m */ = {isa = PBXFileReference; lastKnownFileType = sourcecode.c.objc; path = main.m; sourceTree = "<group>"; };
		F89CBCCF1A9DEEA90000F3C0 /* AppDelegate.h */ = {isa = PBXFileReference; lastKnownFileType = sourcecode.c.h; path = AppDelegate.h; sourceTree = "<group>"; };
		F89CBCD01A9DEEA90000F3C0 /* AppDelegate.m */ = {isa = PBXFileReference; lastKnownFileType = sourcecode.c.objc; path = AppDelegate.m; sourceTree = "<group>"; };
		F89CBCD31A9DEEA90000F3C0 /* Cultivate_Final.xcdatamodel */ = {isa = PBXFileReference; lastKnownFileType = wrapper.xcdatamodel; path = Cultivate_Final.xcdatamodel; sourceTree = "<group>"; };
		F89CBCD51A9DEEA90000F3C0 /* ViewController.h */ = {isa = PBXFileReference; lastKnownFileType = sourcecode.c.h; path = ViewController.h; sourceTree = "<group>"; };
		F89CBCD61A9DEEA90000F3C0 /* ViewController.m */ = {isa = PBXFileReference; lastKnownFileType = sourcecode.c.objc; path = ViewController.m; sourceTree = "<group>"; };
		F89CBCD91A9DEEA90000F3C0 /* Base */ = {isa = PBXFileReference; lastKnownFileType = file.storyboard; name = Base; path = Base.lproj/Main.storyboard; sourceTree = "<group>"; };
		F89CBCDB1A9DEEA90000F3C0 /* Images.xcassets */ = {isa = PBXFileReference; lastKnownFileType = folder.assetcatalog; path = Images.xcassets; sourceTree = "<group>"; };
		F89CBCDE1A9DEEA90000F3C0 /* Base */ = {isa = PBXFileReference; lastKnownFileType = file.xib; name = Base; path = Base.lproj/LaunchScreen.xib; sourceTree = "<group>"; };
		F89CBCE41A9DEEA90000F3C0 /* Cultivate FinalTests.xctest */ = {isa = PBXFileReference; explicitFileType = wrapper.cfbundle; includeInIndex = 0; path = "Cultivate FinalTests.xctest"; sourceTree = BUILT_PRODUCTS_DIR; };
		F89CBCE91A9DEEA90000F3C0 /* Info.plist */ = {isa = PBXFileReference; lastKnownFileType = text.plist.xml; path = Info.plist; sourceTree = "<group>"; };
		F89CBCEA1A9DEEA90000F3C0 /* Cultivate_FinalTests.m */ = {isa = PBXFileReference; lastKnownFileType = sourcecode.c.objc; path = Cultivate_FinalTests.m; sourceTree = "<group>"; };
		F89CBCF41A9DF2610000F3C0 /* EntryTableViewController.h */ = {isa = PBXFileReference; fileEncoding = 4; lastKnownFileType = sourcecode.c.h; path = EntryTableViewController.h; sourceTree = "<group>"; };
		F89CBCF51A9DF2610000F3C0 /* EntryTableViewController.m */ = {isa = PBXFileReference; fileEncoding = 4; lastKnownFileType = sourcecode.c.objc; path = EntryTableViewController.m; sourceTree = "<group>"; };
		F89CBCF71AA1093C0000F3C0 /* tree pic.jpg */ = {isa = PBXFileReference; lastKnownFileType = image.jpeg; name = "tree pic.jpg"; path = "../../../../Downloads/tree pic.jpg"; sourceTree = "<group>"; };
/* End PBXFileReference section */

/* Begin PBXFrameworksBuildPhase section */
		F89CBCC51A9DEEA90000F3C0 /* Frameworks */ = {
			isa = PBXFrameworksBuildPhase;
			buildActionMask = 2147483647;
			files = (
			);
			runOnlyForDeploymentPostprocessing = 0;
		};
		F89CBCE11A9DEEA90000F3C0 /* Frameworks */ = {
			isa = PBXFrameworksBuildPhase;
			buildActionMask = 2147483647;
			files = (
			);
			runOnlyForDeploymentPostprocessing = 0;
		};
/* End PBXFrameworksBuildPhase section */

/* Begin PBXGroup section */
		F89CBCBF1A9DEEA90000F3C0 = {
			isa = PBXGroup;
			children = (
				F89CBCCA1A9DEEA90000F3C0 /* Cultivate Final */,
				F89CBCE71A9DEEA90000F3C0 /* Cultivate FinalTests */,
				F89CBCC91A9DEEA90000F3C0 /* Products */,
			);
			sourceTree = "<group>";
		};
		F89CBCC91A9DEEA90000F3C0 /* Products */ = {
			isa = PBXGroup;
			children = (
				F89CBCC81A9DEEA90000F3C0 /* Cultivate Final.app */,
				F89CBCE41A9DEEA90000F3C0 /* Cultivate FinalTests.xctest */,
			);
			name = Products;
			sourceTree = "<group>";
		};
		F89CBCCA1A9DEEA90000F3C0 /* Cultivate Final */ = {
			isa = PBXGroup;
			children = (
				F89CBCCF1A9DEEA90000F3C0 /* AppDelegate.h */,
				F89CBCD01A9DEEA90000F3C0 /* AppDelegate.m */,
				F89CBCD51A9DEEA90000F3C0 /* ViewController.h */,
				F89CBCD61A9DEEA90000F3C0 /* ViewController.m */,
				F89CBCF41A9DF2610000F3C0 /* EntryTableViewController.h */,
				F89CBCF51A9DF2610000F3C0 /* EntryTableViewController.m */,
				F89CBCD81A9DEEA90000F3C0 /* Main.storyboard */,
				F89CBCDB1A9DEEA90000F3C0 /* Images.xcassets */,
				F89CBCDD1A9DEEA90000F3C0 /* LaunchScreen.xib */,
				F89CBCF71AA1093C0000F3C0 /* tree pic.jpg */,
				F89CBCD21A9DEEA90000F3C0 /* Cultivate_Final.xcdatamodeld */,
				F89CBCCB1A9DEEA90000F3C0 /* Supporting Files */,
			);
			path = "Cultivate Final";
			sourceTree = "<group>";
		};
		F89CBCCB1A9DEEA90000F3C0 /* Supporting Files */ = {
			isa = PBXGroup;
			children = (
				F89CBCCC1A9DEEA90000F3C0 /* Info.plist */,
				F89CBCCD1A9DEEA90000F3C0 /* main.m */,
			);
			name = "Supporting Files";
			sourceTree = "<group>";
		};
		F89CBCE71A9DEEA90000F3C0 /* Cultivate FinalTests */ = {
			isa = PBXGroup;
			children = (
				F89CBCEA1A9DEEA90000F3C0 /* Cultivate_FinalTests.m */,
				F89CBCE81A9DEEA90000F3C0 /* Supporting Files */,
			);
			path = "Cultivate FinalTests";
			sourceTree = "<group>";
		};
		F89CBCE81A9DEEA90000F3C0 /* Supporting Files */ = {
			isa = PBXGroup;
			children = (
				F89CBCE91A9DEEA90000F3C0 /* Info.plist */,
			);
			name = "Supporting Files";
			sourceTree = "<group>";
		};
/* End PBXGroup section */

/* Begin PBXNativeTarget section */
		F89CBCC71A9DEEA90000F3C0 /* Cultivate Final */ = {
			isa = PBXNativeTarget;
			buildConfigurationList = F89CBCEE1A9DEEA90000F3C0 /* Build configuration list for PBXNativeTarget "Cultivate Final" */;
			buildPhases = (
				F89CBCC41A9DEEA90000F3C0 /* Sources */,
				F89CBCC51A9DEEA90000F3C0 /* Frameworks */,
				F89CBCC61A9DEEA90000F3C0 /* Resources */,
			);
			buildRules = (
			);
			dependencies = (
			);
			name = "Cultivate Final";
			productName = "Cultivate Final";
			productReference = F89CBCC81A9DEEA90000F3C0 /* Cultivate Final.app */;
			productType = "com.apple.product-type.application";
		};
		F89CBCE31A9DEEA90000F3C0 /* Cultivate FinalTests */ = {
			isa = PBXNativeTarget;
			buildConfigurationList = F89CBCF11A9DEEA90000F3C0 /* Build configuration list for PBXNativeTarget "Cultivate FinalTests" */;
			buildPhases = (
				F89CBCE01A9DEEA90000F3C0 /* Sources */,
				F89CBCE11A9DEEA90000F3C0 /* Frameworks */,
				F89CBCE21A9DEEA90000F3C0 /* Resources */,
			);
			buildRules = (
			);
			dependencies = (
				F89CBCE61A9DEEA90000F3C0 /* PBXTargetDependency */,
			);
			name = "Cultivate FinalTests";
			productName = "Cultivate FinalTests";
			productReference = F89CBCE41A9DEEA90000F3C0 /* Cultivate FinalTests.xctest */;
			productType = "com.apple.product-type.bundle.unit-test";
		};
/* End PBXNativeTarget section */

/* Begin PBXProject section */
		F89CBCC01A9DEEA90000F3C0 /* Project object */ = {
			isa = PBXProject;
			attributes = {
				LastUpgradeCheck = 0610;
				ORGANIZATIONNAME = "MSSE 650";
				TargetAttributes = {
					F89CBCC71A9DEEA90000F3C0 = {
						CreatedOnToolsVersion = 6.1.1;
					};
					F89CBCE31A9DEEA90000F3C0 = {
						CreatedOnToolsVersion = 6.1.1;
						TestTargetID = F89CBCC71A9DEEA90000F3C0;
					};
				};
			};
			buildConfigurationList = F89CBCC31A9DEEA90000F3C0 /* Build configuration list for PBXProject "Cultivate Final" */;
			compatibilityVersion = "Xcode 3.2";
			developmentRegion = English;
			hasScannedForEncodings = 0;
			knownRegions = (
				en,
				Base,
			);
			mainGroup = F89CBCBF1A9DEEA90000F3C0;
			productRefGroup = F89CBCC91A9DEEA90000F3C0 /* Products */;
			projectDirPath = "";
			projectRoot = "";
			targets = (
				F89CBCC71A9DEEA90000F3C0 /* Cultivate Final */,
				F89CBCE31A9DEEA90000F3C0 /* Cultivate FinalTests */,
			);
		};
/* End PBXProject section */

/* Begin PBXResourcesBuildPhase section */
		F89CBCC61A9DEEA90000F3C0 /* Resources */ = {
			isa = PBXResourcesBuildPhase;
			buildActionMask = 2147483647;
			files = (
				F89CBCDA1A9DEEA90000F3C0 /* Main.storyboard in Resources */,
				F89CBCDF1A9DEEA90000F3C0 /* LaunchScreen.xib in Resources */,
				F89CBCDC1A9DEEA90000F3C0 /* Images.xcassets in Resources */,
				F89CBCF81AA1093C0000F3C0 /* tree pic.jpg in Resources */,
			);
			runOnlyForDeploymentPostprocessing = 0;
		};
		F89CBCE21A9DEEA90000F3C0 /* Resources */ = {
			isa = PBXResourcesBuildPhase;
			buildActionMask = 2147483647;
			files = (
			);
			runOnlyForDeploymentPostprocessing = 0;
		};
/* End PBXResourcesBuildPhase section */

/* Begin PBXSourcesBuildPhase section */
		F89CBCC41A9DEEA90000F3C0 /* Sources */ = {
			isa = PBXSourcesBuildPhase;
			buildActionMask = 2147483647;
			files = (
				F89CBCD11A9DEEA90000F3C0 /* AppDelegate.m in Sources */,
				F89CBCCE1A9DEEA90000F3C0 /* main.m in Sources */,
				F89CBCD71A9DEEA90000F3C0 /* ViewController.m in Sources */,
				F89CBCF61A9DF2610000F3C0 /* EntryTableViewController.m in Sources */,
				F89CBCD41A9DEEA90000F3C0 /* Cultivate_Final.xcdatamodeld in Sources */,
			);
			runOnlyForDeploymentPostprocessing = 0;
		};
		F89CBCE01A9DEEA90000F3C0 /* Sources */ = {
			isa = PBXSourcesBuildPhase;
			buildActionMask = 2147483647;
			files = (
				F89CBCEB1A9DEEA90000F3C0 /* Cultivate_FinalTests.m in Sources */,
			);
			runOnlyForDeploymentPostprocessing = 0;
		};
/* End PBXSourcesBuildPhase section */

/* Begin PBXTargetDependency section */
		F89CBCE61A9DEEA90000F3C0 /* PBXTargetDependency */ = {
			isa = PBXTargetDependency;
			target = F89CBCC71A9DEEA90000F3C0 /* Cultivate Final */;
			targetProxy = F89CBCE51A9DEEA90000F3C0 /* PBXContainerItemProxy */;
		};
/* End PBXTargetDependency section */

/* Begin PBXVariantGroup section */
		F89CBCD81A9DEEA90000F3C0 /* Main.storyboard */ = {
			isa = PBXVariantGroup;
			children = (
				F89CBCD91A9DEEA90000F3C0 /* Base */,
			);
			name = Main.storyboard;
			sourceTree = "<group>";
		};
		F89CBCDD1A9DEEA90000F3C0 /* LaunchScreen.xib */ = {
			isa = PBXVariantGroup;
			children = (
				F89CBCDE1A9DEEA90000F3C0 /* Base */,
			);
			name = LaunchScreen.xib;
			sourceTree = "<group>";
		};
/* End PBXVariantGroup section */

/* Begin XCBuildConfiguration section */
		F89CBCEC1A9DEEA90000F3C0 /* Debug */ = {
			isa = XCBuildConfiguration;
			buildSettings = {
				ALWAYS_SEARCH_USER_PATHS = NO;
				CLANG_CXX_LANGUAGE_STANDARD = "gnu++0x";
				CLANG_CXX_LIBRARY = "libc++";
				CLANG_ENABLE_MODULES = YES;
				CLANG_ENABLE_OBJC_ARC = YES;
				CLANG_WARN_BOOL_CONVERSION = YES;
				CLANG_WARN_CONSTANT_CONVERSION = YES;
				CLANG_WARN_DIRECT_OBJC_ISA_USAGE = YES_ERROR;
				CLANG_WARN_EMPTY_BODY = YES;
				CLANG_WARN_ENUM_CONVERSION = YES;
				CLANG_WARN_INT_CONVERSION = YES;
				CLANG_WARN_OBJC_ROOT_CLASS = YES_ERROR;
				CLANG_WARN_UNREACHABLE_CODE = YES;
				CLANG_WARN__DUPLICATE_METHOD_MATCH = YES;
				"CODE_SIGN_IDENTITY[sdk=iphoneos*]" = "iPhone Developer";
				COPY_PHASE_STRIP = NO;
				ENABLE_STRICT_OBJC_MSGSEND = YES;
				GCC_C_LANGUAGE_STANDARD = gnu99;
				GCC_DYNAMIC_NO_PIC = NO;
				GCC_OPTIMIZATION_LEVEL = 0;
				GCC_PREPROCESSOR_DEFINITIONS = (
					"DEBUG=1",
					"$(inherited)",
				);
				GCC_SYMBOLS_PRIVATE_EXTERN = NO;
				GCC_WARN_64_TO_32_BIT_CONVERSION = YES;
				GCC_WARN_ABOUT_RETURN_TYPE = YES_ERROR;
				GCC_WARN_UNDECLARED_SELECTOR = YES;
				GCC_WARN_UNINITIALIZED_AUTOS = YES_AGGRESSIVE;
				GCC_WARN_UNUSED_FUNCTION = YES;
				GCC_WARN_UNUSED_VARIABLE = YES;
				IPHONEOS_DEPLOYMENT_TARGET = 8.1;
				MTL_ENABLE_DEBUG_INFO = YES;
				ONLY_ACTIVE_ARCH = YES;
				SDKROOT = iphoneos;
				TARGETED_DEVICE_FAMILY = "1,2";
			};
			name = Debug;
		};
		F89CBCED1A9DEEA90000F3C0 /* Release */ = {
			isa = XCBuildConfiguration;
			buildSettings = {
				ALWAYS_SEARCH_USER_PATHS = NO;
				CLANG_CXX_LANGUAGE_STANDARD = "gnu++0x";
				CLANG_CXX_LIBRARY = "libc++";
				CLANG_ENABLE_MODULES = YES;
				CLANG_ENABLE_OBJC_ARC = YES;
				CLANG_WARN_BOOL_CONVERSION = YES;
				CLANG_WARN_CONSTANT_CONVERSION = YES;
				CLANG_WARN_DIRECT_OBJC_ISA_USAGE = YES_ERROR;
				CLANG_WARN_EMPTY_BODY = YES;
				CLANG_WARN_ENUM_CONVERSION = YES;
				CLANG_WARN_INT_CONVERSION = YES;
				CLANG_WARN_OBJC_ROOT_CLASS = YES_ERROR;
				CLANG_WARN_UNREACHABLE_CODE = YES;
				CLANG_WARN__DUPLICATE_METHOD_MATCH = YES;
				"CODE_SIGN_IDENTITY[sdk=iphoneos*]" = "iPhone Developer";
				COPY_PHASE_STRIP = YES;
				ENABLE_NS_ASSERTIONS = NO;
				ENABLE_STRICT_OBJC_MSGSEND = YES;
				GCC_C_LANGUAGE_STANDARD = gnu99;
				GCC_WARN_64_TO_32_BIT_CONVERSION = YES;
				GCC_WARN_ABOUT_RETURN_TYPE = YES_ERROR;
				GCC_WARN_UNDECLARED_SELECTOR = YES;
				GCC_WARN_UNINITIALIZED_AUTOS = YES_AGGRESSIVE;
				GCC_WARN_UNUSED_FUNCTION = YES;
				GCC_WARN_UNUSED_VARIABLE = YES;
				IPHONEOS_DEPLOYMENT_TARGET = 8.1;
				MTL_ENABLE_DEBUG_INFO = NO;
				SDKROOT = iphoneos;
				TARGETED_DEVICE_FAMILY = "1,2";
				VALIDATE_PRODUCT = YES;
			};
			name = Release;
		};
		F89CBCEF1A9DEEA90000F3C0 /* Debug */ = {
			isa = XCBuildConfiguration;
			buildSettings = {
				ASSETCATALOG_COMPILER_APPICON_NAME = AppIcon;
				INFOPLIST_FILE = "Cultivate Final/Info.plist";
				LD_RUNPATH_SEARCH_PATHS = "$(inherited) @executable_path/Frameworks";
				PRODUCT_NAME = "$(TARGET_NAME)";
			};
			name = Debug;
		};
		F89CBCF01A9DEEA90000F3C0 /* Release */ = {
			isa = XCBuildConfiguration;
			buildSettings = {
				ASSETCATALOG_COMPILER_APPICON_NAME = AppIcon;
				INFOPLIST_FILE = "Cultivate Final/Info.plist";
				LD_RUNPATH_SEARCH_PATHS = "$(inherited) @executable_path/Frameworks";
				PRODUCT_NAME = "$(TARGET_NAME)";
			};
			name = Release;
		};
		F89CBCF21A9DEEA90000F3C0 /* Debug */ = {
			isa = XCBuildConfiguration;
			buildSettings = {
				BUNDLE_LOADER = "$(TEST_HOST)";
				FRAMEWORK_SEARCH_PATHS = (
					"$(SDKROOT)/Developer/Library/Frameworks",
					"$(inherited)",
				);
				GCC_PREPROCESSOR_DEFINITIONS = (
					"DEBUG=1",
					"$(inherited)",
				);
				INFOPLIST_FILE = "Cultivate FinalTests/Info.plist";
				LD_RUNPATH_SEARCH_PATHS = "$(inherited) @executable_path/Frameworks @loader_path/Frameworks";
				PRODUCT_NAME = "$(TARGET_NAME)";
				TEST_HOST = "$(BUILT_PRODUCTS_DIR)/Cultivate Final.app/Cultivate Final";
			};
			name = Debug;
		};
		F89CBCF31A9DEEA90000F3C0 /* Release */ = {
			isa = XCBuildConfiguration;
			buildSettings = {
				BUNDLE_LOADER = "$(TEST_HOST)";
				FRAMEWORK_SEARCH_PATHS = (
					"$(SDKROOT)/Developer/Library/Frameworks",
					"$(inherited)",
				);
				INFOPLIST_FILE = "Cultivate FinalTests/Info.plist";
				LD_RUNPATH_SEARCH_PATHS = "$(inherited) @executable_path/Frameworks @loader_path/Frameworks";
				PRODUCT_NAME = "$(TARGET_NAME)";
				TEST_HOST = "$(BUILT_PRODUCTS_DIR)/Cultivate Final.app/Cultivate Final";
			};
			name = Release;
		};
/* End XCBuildConfiguration section */

/* Begin XCConfigurationList section */
		F89CBCC31A9DEEA90000F3C0 /* Build configuration list for PBXProject "Cultivate Final" */ = {
			isa = XCConfigurationList;
			buildConfigurations = (
				F89CBCEC1A9DEEA90000F3C0 /* Debug */,
				F89CBCED1A9DEEA90000F3C0 /* Release */,
			);
			defaultConfigurationIsVisible = 0;
			defaultConfigurationName = Release;
		};
		F89CBCEE1A9DEEA90000F3C0 /* Build configuration list for PBXNativeTarget "Cultivate Final" */ = {
			isa = XCConfigurationList;
			buildConfigurations = (
				F89CBCEF1A9DEEA90000F3C0 /* Debug */,
				F89CBCF01A9DEEA90000F3C0 /* Release */,
			);
			defaultConfigurationIsVisible = 0;
		};
		F89CBCF11A9DEEA90000F3C0 /* Build configuration list for PBXNativeTarget "Cultivate FinalTests" */ = {
			isa = XCConfigurationList;
			buildConfigurations = (
				F89CBCF21A9DEEA90000F3C0 /* Debug */,
				F89CBCF31A9DEEA90000F3C0 /* Release */,
			);
			defaultConfigurationIsVisible = 0;
		};
/* End XCConfigurationList section */

/* Begin XCVersionGroup section */
		F89CBCD21A9DEEA90000F3C0 /* Cultivate_Final.xcdatamodeld */ = {
			isa = XCVersionGroup;
			children = (
				F89CBCD31A9DEEA90000F3C0 /* Cultivate_Final.xcdatamodel */,
			);
			currentVersion = F89CBCD31A9DEEA90000F3C0 /* Cultivate_Final.xcdatamodel */;
			path = Cultivate_Final.xcdatamodeld;
			sourceTree = "<group>";
			versionGroupType = wrapper.xcdatamodel;
		};
/* End XCVersionGroup section */
	};
	rootObject = F89CBCC01A9DEEA90000F3C0 /* Project object */;
}
