// !$*UTF8*$!
{
	archiveVersion = 1;
	classes = {
	};
	objectVersion = 46;
	objects = {

/* Begin PBXBuildFile section */
		F8A8FE0C1A7C81B500B25407 /* main.m in Sources */ = {isa = PBXBuildFile; fileRef = F8A8FE0B1A7C81B500B25407 /* main.m */; };
		F8A8FE0F1A7C81B500B25407 /* AppDelegate.m in Sources */ = {isa = PBXBuildFile; fileRef = F8A8FE0E1A7C81B500B25407 /* AppDelegate.m */; };
		F8A8FE121A7C81B500B25407 /* ViewController.m in Sources */ = {isa = PBXBuildFile; fileRef = F8A8FE111A7C81B500B25407 /* ViewController.m */; };
		F8A8FE151A7C81B500B25407 /* Main.storyboard in Resources */ = {isa = PBXBuildFile; fileRef = F8A8FE131A7C81B500B25407 /* Main.storyboard */; };
		F8A8FE171A7C81B500B25407 /* Images.xcassets in Resources */ = {isa = PBXBuildFile; fileRef = F8A8FE161A7C81B500B25407 /* Images.xcassets */; };
		F8A8FE1A1A7C81B500B25407 /* LaunchScreen.xib in Resources */ = {isa = PBXBuildFile; fileRef = F8A8FE181A7C81B500B25407 /* LaunchScreen.xib */; };
		F8A8FE261A7C81B500B25407 /* single_viewTests.m in Sources */ = {isa = PBXBuildFile; fileRef = F8A8FE251A7C81B500B25407 /* single_viewTests.m */; };
		F8A8FE311A7C823000B25407 /* SecondViewController.m in Sources */ = {isa = PBXBuildFile; fileRef = F8A8FE301A7C823000B25407 /* SecondViewController.m */; };
/* End PBXBuildFile section */

/* Begin PBXContainerItemProxy section */
		F8A8FE201A7C81B500B25407 /* PBXContainerItemProxy */ = {
			isa = PBXContainerItemProxy;
			containerPortal = F8A8FDFE1A7C81B500B25407 /* Project object */;
			proxyType = 1;
			remoteGlobalIDString = F8A8FE051A7C81B500B25407;
			remoteInfo = "single view";
		};
/* End PBXContainerItemProxy section */

/* Begin PBXFileReference section */
		F8A8FE061A7C81B500B25407 /* single view.app */ = {isa = PBXFileReference; explicitFileType = wrapper.application; includeInIndex = 0; path = "single view.app"; sourceTree = BUILT_PRODUCTS_DIR; };
		F8A8FE0A1A7C81B500B25407 /* Info.plist */ = {isa = PBXFileReference; lastKnownFileType = text.plist.xml; path = Info.plist; sourceTree = "<group>"; };
		F8A8FE0B1A7C81B500B25407 /* main.m */ = {isa = PBXFileReference; lastKnownFileType = sourcecode.c.objc; path = main.m; sourceTree = "<group>"; };
		F8A8FE0D1A7C81B500B25407 /* AppDelegate.h */ = {isa = PBXFileReference; lastKnownFileType = sourcecode.c.h; path = AppDelegate.h; sourceTree = "<group>"; };
		F8A8FE0E1A7C81B500B25407 /* AppDelegate.m */ = {isa = PBXFileReference; lastKnownFileType = sourcecode.c.objc; path = AppDelegate.m; sourceTree = "<group>"; };
		F8A8FE101A7C81B500B25407 /* ViewController.h */ = {isa = PBXFileReference; lastKnownFileType = sourcecode.c.h; path = ViewController.h; sourceTree = "<group>"; };
		F8A8FE111A7C81B500B25407 /* ViewController.m */ = {isa = PBXFileReference; lastKnownFileType = sourcecode.c.objc; path = ViewController.m; sourceTree = "<group>"; };
		F8A8FE141A7C81B500B25407 /* Base */ = {isa = PBXFileReference; lastKnownFileType = file.storyboard; name = Base; path = Base.lproj/Main.storyboard; sourceTree = "<group>"; };
		F8A8FE161A7C81B500B25407 /* Images.xcassets */ = {isa = PBXFileReference; lastKnownFileType = folder.assetcatalog; path = Images.xcassets; sourceTree = "<group>"; };
		F8A8FE191A7C81B500B25407 /* Base */ = {isa = PBXFileReference; lastKnownFileType = file.xib; name = Base; path = Base.lproj/LaunchScreen.xib; sourceTree = "<group>"; };
		F8A8FE1F1A7C81B500B25407 /* single viewTests.xctest */ = {isa = PBXFileReference; explicitFileType = wrapper.cfbundle; includeInIndex = 0; path = "single viewTests.xctest"; sourceTree = BUILT_PRODUCTS_DIR; };
		F8A8FE241A7C81B500B25407 /* Info.plist */ = {isa = PBXFileReference; lastKnownFileType = text.plist.xml; path = Info.plist; sourceTree = "<group>"; };
		F8A8FE251A7C81B500B25407 /* single_viewTests.m */ = {isa = PBXFileReference; lastKnownFileType = sourcecode.c.objc; path = single_viewTests.m; sourceTree = "<group>"; };
		F8A8FE2F1A7C823000B25407 /* SecondViewController.h */ = {isa = PBXFileReference; fileEncoding = 4; lastKnownFileType = sourcecode.c.h; path = SecondViewController.h; sourceTree = "<group>"; };
		F8A8FE301A7C823000B25407 /* SecondViewController.m */ = {isa = PBXFileReference; fileEncoding = 4; lastKnownFileType = sourcecode.c.objc; path = SecondViewController.m; sourceTree = "<group>"; };
/* End PBXFileReference section */

/* Begin PBXFrameworksBuildPhase section */
		F8A8FE031A7C81B500B25407 /* Frameworks */ = {
			isa = PBXFrameworksBuildPhase;
			buildActionMask = 2147483647;
			files = (
			);
			runOnlyForDeploymentPostprocessing = 0;
		};
		F8A8FE1C1A7C81B500B25407 /* Frameworks */ = {
			isa = PBXFrameworksBuildPhase;
			buildActionMask = 2147483647;
			files = (
			);
			runOnlyForDeploymentPostprocessing = 0;
		};
/* End PBXFrameworksBuildPhase section */

/* Begin PBXGroup section */
		F8A8FDFD1A7C81B500B25407 = {
			isa = PBXGroup;
			children = (
				F8A8FE081A7C81B500B25407 /* single view */,
				F8A8FE221A7C81B500B25407 /* single viewTests */,
				F8A8FE071A7C81B500B25407 /* Products */,
			);
			sourceTree = "<group>";
		};
		F8A8FE071A7C81B500B25407 /* Products */ = {
			isa = PBXGroup;
			children = (
				F8A8FE061A7C81B500B25407 /* single view.app */,
				F8A8FE1F1A7C81B500B25407 /* single viewTests.xctest */,
			);
			name = Products;
			sourceTree = "<group>";
		};
		F8A8FE081A7C81B500B25407 /* single view */ = {
			isa = PBXGroup;
			children = (
				F8A8FE0D1A7C81B500B25407 /* AppDelegate.h */,
				F8A8FE0E1A7C81B500B25407 /* AppDelegate.m */,
				F8A8FE101A7C81B500B25407 /* ViewController.h */,
				F8A8FE111A7C81B500B25407 /* ViewController.m */,
				F8A8FE131A7C81B500B25407 /* Main.storyboard */,
				F8A8FE2F1A7C823000B25407 /* SecondViewController.h */,
				F8A8FE301A7C823000B25407 /* SecondViewController.m */,
				F8A8FE161A7C81B500B25407 /* Images.xcassets */,
				F8A8FE181A7C81B500B25407 /* LaunchScreen.xib */,
				F8A8FE091A7C81B500B25407 /* Supporting Files */,
			);
			path = "single view";
			sourceTree = "<group>";
		};
		F8A8FE091A7C81B500B25407 /* Supporting Files */ = {
			isa = PBXGroup;
			children = (
				F8A8FE0A1A7C81B500B25407 /* Info.plist */,
				F8A8FE0B1A7C81B500B25407 /* main.m */,
			);
			name = "Supporting Files";
			sourceTree = "<group>";
		};
		F8A8FE221A7C81B500B25407 /* single viewTests */ = {
			isa = PBXGroup;
			children = (
				F8A8FE251A7C81B500B25407 /* single_viewTests.m */,
				F8A8FE231A7C81B500B25407 /* Supporting Files */,
			);
			path = "single viewTests";
			sourceTree = "<group>";
		};
		F8A8FE231A7C81B500B25407 /* Supporting Files */ = {
			isa = PBXGroup;
			children = (
				F8A8FE241A7C81B500B25407 /* Info.plist */,
			);
			name = "Supporting Files";
			sourceTree = "<group>";
		};
/* End PBXGroup section */

/* Begin PBXNativeTarget section */
		F8A8FE051A7C81B500B25407 /* single view */ = {
			isa = PBXNativeTarget;
			buildConfigurationList = F8A8FE291A7C81B500B25407 /* Build configuration list for PBXNativeTarget "single view" */;
			buildPhases = (
				F8A8FE021A7C81B500B25407 /* Sources */,
				F8A8FE031A7C81B500B25407 /* Frameworks */,
				F8A8FE041A7C81B500B25407 /* Resources */,
			);
			buildRules = (
			);
			dependencies = (
			);
			name = "single view";
			productName = "single view";
			productReference = F8A8FE061A7C81B500B25407 /* single view.app */;
			productType = "com.apple.product-type.application";
		};
		F8A8FE1E1A7C81B500B25407 /* single viewTests */ = {
			isa = PBXNativeTarget;
			buildConfigurationList = F8A8FE2C1A7C81B500B25407 /* Build configuration list for PBXNativeTarget "single viewTests" */;
			buildPhases = (
				F8A8FE1B1A7C81B500B25407 /* Sources */,
				F8A8FE1C1A7C81B500B25407 /* Frameworks */,
				F8A8FE1D1A7C81B500B25407 /* Resources */,
			);
			buildRules = (
			);
			dependencies = (
				F8A8FE211A7C81B500B25407 /* PBXTargetDependency */,
			);
			name = "single viewTests";
			productName = "single viewTests";
			productReference = F8A8FE1F1A7C81B500B25407 /* single viewTests.xctest */;
			productType = "com.apple.product-type.bundle.unit-test";
		};
/* End PBXNativeTarget section */

/* Begin PBXProject section */
		F8A8FDFE1A7C81B500B25407 /* Project object */ = {
			isa = PBXProject;
			attributes = {
				LastUpgradeCheck = 0610;
				ORGANIZATIONNAME = "MSSE 650";
				TargetAttributes = {
					F8A8FE051A7C81B500B25407 = {
						CreatedOnToolsVersion = 6.1.1;
					};
					F8A8FE1E1A7C81B500B25407 = {
						CreatedOnToolsVersion = 6.1.1;
						TestTargetID = F8A8FE051A7C81B500B25407;
					};
				};
			};
			buildConfigurationList = F8A8FE011A7C81B500B25407 /* Build configuration list for PBXProject "single view" */;
			compatibilityVersion = "Xcode 3.2";
			developmentRegion = English;
			hasScannedForEncodings = 0;
			knownRegions = (
				en,
				Base,
			);
			mainGroup = F8A8FDFD1A7C81B500B25407;
			productRefGroup = F8A8FE071A7C81B500B25407 /* Products */;
			projectDirPath = "";
			projectRoot = "";
			targets = (
				F8A8FE051A7C81B500B25407 /* single view */,
				F8A8FE1E1A7C81B500B25407 /* single viewTests */,
			);
		};
/* End PBXProject section */

/* Begin PBXResourcesBuildPhase section */
		F8A8FE041A7C81B500B25407 /* Resources */ = {
			isa = PBXResourcesBuildPhase;
			buildActionMask = 2147483647;
			files = (
				F8A8FE151A7C81B500B25407 /* Main.storyboard in Resources */,
				F8A8FE1A1A7C81B500B25407 /* LaunchScreen.xib in Resources */,
				F8A8FE171A7C81B500B25407 /* Images.xcassets in Resources */,
			);
			runOnlyForDeploymentPostprocessing = 0;
		};
		F8A8FE1D1A7C81B500B25407 /* Resources */ = {
			isa = PBXResourcesBuildPhase;
			buildActionMask = 2147483647;
			files = (
			);
			runOnlyForDeploymentPostprocessing = 0;
		};
/* End PBXResourcesBuildPhase section */

/* Begin PBXSourcesBuildPhase section */
		F8A8FE021A7C81B500B25407 /* Sources */ = {
			isa = PBXSourcesBuildPhase;
			buildActionMask = 2147483647;
			files = (
				F8A8FE311A7C823000B25407 /* SecondViewController.m in Sources */,
				F8A8FE121A7C81B500B25407 /* ViewController.m in Sources */,
				F8A8FE0F1A7C81B500B25407 /* AppDelegate.m in Sources */,
				F8A8FE0C1A7C81B500B25407 /* main.m in Sources */,
			);
			runOnlyForDeploymentPostprocessing = 0;
		};
		F8A8FE1B1A7C81B500B25407 /* Sources */ = {
			isa = PBXSourcesBuildPhase;
			buildActionMask = 2147483647;
			files = (
				F8A8FE261A7C81B500B25407 /* single_viewTests.m in Sources */,
			);
			runOnlyForDeploymentPostprocessing = 0;
		};
/* End PBXSourcesBuildPhase section */

/* Begin PBXTargetDependency section */
		F8A8FE211A7C81B500B25407 /* PBXTargetDependency */ = {
			isa = PBXTargetDependency;
			target = F8A8FE051A7C81B500B25407 /* single view */;
			targetProxy = F8A8FE201A7C81B500B25407 /* PBXContainerItemProxy */;
		};
/* End PBXTargetDependency section */

/* Begin PBXVariantGroup section */
		F8A8FE131A7C81B500B25407 /* Main.storyboard */ = {
			isa = PBXVariantGroup;
			children = (
				F8A8FE141A7C81B500B25407 /* Base */,
			);
			name = Main.storyboard;
			sourceTree = "<group>";
		};
		F8A8FE181A7C81B500B25407 /* LaunchScreen.xib */ = {
			isa = PBXVariantGroup;
			children = (
				F8A8FE191A7C81B500B25407 /* Base */,
			);
			name = LaunchScreen.xib;
			sourceTree = "<group>";
		};
/* End PBXVariantGroup section */

/* Begin XCBuildConfiguration section */
		F8A8FE271A7C81B500B25407 /* Debug */ = {
			isa = XCBuildConfiguration;
			buildSettings = {
				ALWAYS_SEARCH_USER_PATHS = NO;
				CLANG_CXX_LANGUAGE_STANDARD = "gnu++0x";
				CLANG_CXX_LIBRARY = "libc++";
				CLANG_ENABLE_MODULES = YES;
				CLANG_ENABLE_OBJC_ARC = YES;
				CLANG_WARN_BOOL_CONVERSION = YES;
				CLANG_WARN_CONSTANT_CONVERSION = YES;
				CLANG_WARN_DIRECT_OBJC_ISA_USAGE = YES_ERROR;
				CLANG_WARN_EMPTY_BODY = YES;
				CLANG_WARN_ENUM_CONVERSION = YES;
				CLANG_WARN_INT_CONVERSION = YES;
				CLANG_WARN_OBJC_ROOT_CLASS = YES_ERROR;
				CLANG_WARN_UNREACHABLE_CODE = YES;
				CLANG_WARN__DUPLICATE_METHOD_MATCH = YES;
				"CODE_SIGN_IDENTITY[sdk=iphoneos*]" = "iPhone Developer";
				COPY_PHASE_STRIP = NO;
				ENABLE_STRICT_OBJC_MSGSEND = YES;
				GCC_C_LANGUAGE_STANDARD = gnu99;
				GCC_DYNAMIC_NO_PIC = NO;
				GCC_OPTIMIZATION_LEVEL = 0;
				GCC_PREPROCESSOR_DEFINITIONS = (
					"DEBUG=1",
					"$(inherited)",
				);
				GCC_SYMBOLS_PRIVATE_EXTERN = NO;
				GCC_WARN_64_TO_32_BIT_CONVERSION = YES;
				GCC_WARN_ABOUT_RETURN_TYPE = YES_ERROR;
				GCC_WARN_UNDECLARED_SELECTOR = YES;
				GCC_WARN_UNINITIALIZED_AUTOS = YES_AGGRESSIVE;
				GCC_WARN_UNUSED_FUNCTION = YES;
				GCC_WARN_UNUSED_VARIABLE = YES;
				IPHONEOS_DEPLOYMENT_TARGET = 8.1;
				MTL_ENABLE_DEBUG_INFO = YES;
				ONLY_ACTIVE_ARCH = YES;
				SDKROOT = iphoneos;
			};
			name = Debug;
		};
		F8A8FE281A7C81B500B25407 /* Release */ = {
			isa = XCBuildConfiguration;
			buildSettings = {
				ALWAYS_SEARCH_USER_PATHS = NO;
				CLANG_CXX_LANGUAGE_STANDARD = "gnu++0x";
				CLANG_CXX_LIBRARY = "libc++";
				CLANG_ENABLE_MODULES = YES;
				CLANG_ENABLE_OBJC_ARC = YES;
				CLANG_WARN_BOOL_CONVERSION = YES;
				CLANG_WARN_CONSTANT_CONVERSION = YES;
				CLANG_WARN_DIRECT_OBJC_ISA_USAGE = YES_ERROR;
				CLANG_WARN_EMPTY_BODY = YES;
				CLANG_WARN_ENUM_CONVERSION = YES;
				CLANG_WARN_INT_CONVERSION = YES;
				CLANG_WARN_OBJC_ROOT_CLASS = YES_ERROR;
				CLANG_WARN_UNREACHABLE_CODE = YES;
				CLANG_WARN__DUPLICATE_METHOD_MATCH = YES;
				"CODE_SIGN_IDENTITY[sdk=iphoneos*]" = "iPhone Developer";
				COPY_PHASE_STRIP = YES;
				ENABLE_NS_ASSERTIONS = NO;
				ENABLE_STRICT_OBJC_MSGSEND = YES;
				GCC_C_LANGUAGE_STANDARD = gnu99;
				GCC_WARN_64_TO_32_BIT_CONVERSION = YES;
				GCC_WARN_ABOUT_RETURN_TYPE = YES_ERROR;
				GCC_WARN_UNDECLARED_SELECTOR = YES;
				GCC_WARN_UNINITIALIZED_AUTOS = YES_AGGRESSIVE;
				GCC_WARN_UNUSED_FUNCTION = YES;
				GCC_WARN_UNUSED_VARIABLE = YES;
				IPHONEOS_DEPLOYMENT_TARGET = 8.1;
				MTL_ENABLE_DEBUG_INFO = NO;
				SDKROOT = iphoneos;
				VALIDATE_PRODUCT = YES;
			};
			name = Release;
		};
		F8A8FE2A1A7C81B500B25407 /* Debug */ = {
			isa = XCBuildConfiguration;
			buildSettings = {
				ASSETCATALOG_COMPILER_APPICON_NAME = AppIcon;
				INFOPLIST_FILE = "single view/Info.plist";
				LD_RUNPATH_SEARCH_PATHS = "$(inherited) @executable_path/Frameworks";
				PRODUCT_NAME = "$(TARGET_NAME)";
			};
			name = Debug;
		};
		F8A8FE2B1A7C81B500B25407 /* Release */ = {
			isa = XCBuildConfiguration;
			buildSettings = {
				ASSETCATALOG_COMPILER_APPICON_NAME = AppIcon;
				INFOPLIST_FILE = "single view/Info.plist";
				LD_RUNPATH_SEARCH_PATHS = "$(inherited) @executable_path/Frameworks";
				PRODUCT_NAME = "$(TARGET_NAME)";
			};
			name = Release;
		};
		F8A8FE2D1A7C81B500B25407 /* Debug */ = {
			isa = XCBuildConfiguration;
			buildSettings = {
				BUNDLE_LOADER = "$(TEST_HOST)";
				FRAMEWORK_SEARCH_PATHS = (
					"$(SDKROOT)/Developer/Library/Frameworks",
					"$(inherited)",
				);
				GCC_PREPROCESSOR_DEFINITIONS = (
					"DEBUG=1",
					"$(inherited)",
				);
				INFOPLIST_FILE = "single viewTests/Info.plist";
				LD_RUNPATH_SEARCH_PATHS = "$(inherited) @executable_path/Frameworks @loader_path/Frameworks";
				PRODUCT_NAME = "$(TARGET_NAME)";
				TEST_HOST = "$(BUILT_PRODUCTS_DIR)/single view.app/single view";
			};
			name = Debug;
		};
		F8A8FE2E1A7C81B500B25407 /* Release */ = {
			isa = XCBuildConfiguration;
			buildSettings = {
				BUNDLE_LOADER = "$(TEST_HOST)";
				FRAMEWORK_SEARCH_PATHS = (
					"$(SDKROOT)/Developer/Library/Frameworks",
					"$(inherited)",
				);
				INFOPLIST_FILE = "single viewTests/Info.plist";
				LD_RUNPATH_SEARCH_PATHS = "$(inherited) @executable_path/Frameworks @loader_path/Frameworks";
				PRODUCT_NAME = "$(TARGET_NAME)";
				TEST_HOST = "$(BUILT_PRODUCTS_DIR)/single view.app/single view";
			};
			name = Release;
		};
/* End XCBuildConfiguration section */

/* Begin XCConfigurationList section */
		F8A8FE011A7C81B500B25407 /* Build configuration list for PBXProject "single view" */ = {
			isa = XCConfigurationList;
			buildConfigurations = (
				F8A8FE271A7C81B500B25407 /* Debug */,
				F8A8FE281A7C81B500B25407 /* Release */,
			);
			defaultConfigurationIsVisible = 0;
			defaultConfigurationName = Release;
		};
		F8A8FE291A7C81B500B25407 /* Build configuration list for PBXNativeTarget "single view" */ = {
			isa = XCConfigurationList;
			buildConfigurations = (
				F8A8FE2A1A7C81B500B25407 /* Debug */,
				F8A8FE2B1A7C81B500B25407 /* Release */,
			);
			defaultConfigurationIsVisible = 0;
			defaultConfigurationName = Release;
		};
		F8A8FE2C1A7C81B500B25407 /* Build configuration list for PBXNativeTarget "single viewTests" */ = {
			isa = XCConfigurationList;
			buildConfigurations = (
				F8A8FE2D1A7C81B500B25407 /* Debug */,
				F8A8FE2E1A7C81B500B25407 /* Release */,
			);
			defaultConfigurationIsVisible = 0;
			defaultConfigurationName = Release;
		};
/* End XCConfigurationList section */
	};
	rootObject = F8A8FDFE1A7C81B500B25407 /* Project object */;
}
